PODS:
  - Alamofire (3.1.1)
  - RxSwift (2.0.0-beta.2)
  - SSKeychain (1.2.3)
  - SwiftyJSON (2.3.1)

DEPENDENCIES:
  - Alamofire (~> 3.0)
  - RxSwift (~> 2.0.0-beta)
  - SSKeychain
  - SwiftyJSON (~> 2.3)

SPEC CHECKSUMS:
  Alamofire: 9b0a7188b961a03914a99304488bd226b0e46c0e
  RxSwift: 795720c22352cf1f62669ef3695b5df7e195103b
  SSKeychain: 3f42991739c6c60a9cf1bbd4dff6c0d3694bcf3d
  SwiftyJSON: 592b53bee5ef3dd9b3bebc6b9cb7ee35426ae8c3

COCOAPODS: 0.39.0
