// !$*UTF8*$!
{
	archiveVersion = 1;
	classes = {
	};
	objectVersion = 46;
	objects = {

/* Begin PBXBuildFile section */
		B30484E01C359FC300150580 /* Attachment.swift in Sources */ = {isa = PBXBuildFile; fileRef = B30484DF1C359FC300150580 /* Attachment.swift */; };
		B305ED921C34DDE600AC2858 /* BYRUBBParser.swift in Sources */ = {isa = PBXBuildFile; fileRef = B305ED911C34DDE600AC2858 /* BYRUBBParser.swift */; };
		B305ED941C34DE3900AC2858 /* BYRAttachment.swift in Sources */ = {isa = PBXBuildFile; fileRef = B305ED931C34DE3900AC2858 /* BYRAttachment.swift */; };
		B3163D5F1C27E31400C0F831 /* SectionViewController.swift in Sources */ = {isa = PBXBuildFile; fileRef = B3163D5E1C27E31400C0F831 /* SectionViewController.swift */; };
		B3163D611C27EED000C0F831 /* Board.swift in Sources */ = {isa = PBXBuildFile; fileRef = B3163D601C27EED000C0F831 /* Board.swift */; };
		B3163D631C27F87A00C0F831 /* ColorTheme.swift in Sources */ = {isa = PBXBuildFile; fileRef = B3163D621C27F87A00C0F831 /* ColorTheme.swift */; };
		B3163D651C27FF8300C0F831 /* Favorite.swift in Sources */ = {isa = PBXBuildFile; fileRef = B3163D641C27FF8300C0F831 /* Favorite.swift */; };
		B3163D671C2810D400C0F831 /* FavoriteViewController.swift in Sources */ = {isa = PBXBuildFile; fileRef = B3163D661C2810D400C0F831 /* FavoriteViewController.swift */; };
		B3163D691C28F0B400C0F831 /* Article.swift in Sources */ = {isa = PBXBuildFile; fileRef = B3163D681C28F0B400C0F831 /* Article.swift */; };
		B3163D6B1C2900A000C0F831 /* TopTenViewController.swift in Sources */ = {isa = PBXBuildFile; fileRef = B3163D6A1C2900A000C0F831 /* TopTenViewController.swift */; };
		B3163D6D1C29287300C0F831 /* BoardViewController.swift in Sources */ = {isa = PBXBuildFile; fileRef = B3163D6C1C29287300C0F831 /* BoardViewController.swift */; };
		B3163D6F1C292F4A00C0F831 /* Pagination.swift in Sources */ = {isa = PBXBuildFile; fileRef = B3163D6E1C292F4A00C0F831 /* Pagination.swift */; };
		B3163D721C29503600C0F831 /* LoadingCell.swift in Sources */ = {isa = PBXBuildFile; fileRef = B3163D701C29503600C0F831 /* LoadingCell.swift */; };
		B3163D731C29503600C0F831 /* LoadingCell.xib in Resources */ = {isa = PBXBuildFile; fileRef = B3163D711C29503600C0F831 /* LoadingCell.xib */; };
		B3163D781C2A78E900C0F831 /* ArticleCell.swift in Sources */ = {isa = PBXBuildFile; fileRef = B3163D761C2A78E900C0F831 /* ArticleCell.swift */; };
		B3163D791C2A78E900C0F831 /* ArticleCell.xib in Resources */ = {isa = PBXBuildFile; fileRef = B3163D771C2A78E900C0F831 /* ArticleCell.xib */; };
		B3163D7B1C2A79C400C0F831 /* ArticleHeader.swift in Sources */ = {isa = PBXBuildFile; fileRef = B3163D7A1C2A79C400C0F831 /* ArticleHeader.swift */; };
		B3163D7D1C2A7A9800C0F831 /* ArticleHeader.xib in Resources */ = {isa = PBXBuildFile; fileRef = B3163D7C1C2A7A9800C0F831 /* ArticleHeader.xib */; };
		B3163D7F1C2A7CE500C0F831 /* UIViewExtension.swift in Sources */ = {isa = PBXBuildFile; fileRef = B3163D7E1C2A7CE500C0F831 /* UIViewExtension.swift */; };
		B3163D811C2A7F9E00C0F831 /* ThreadViewController.swift in Sources */ = {isa = PBXBuildFile; fileRef = B3163D801C2A7F9E00C0F831 /* ThreadViewController.swift */; };
		B3300BF21BE748EB00178909 /* User.swift in Sources */ = {isa = PBXBuildFile; fileRef = B3300BF11BE748EB00178909 /* User.swift */; };
		B33B21FF1BE375780089A679 /* BaseTableViewController.swift in Sources */ = {isa = PBXBuildFile; fileRef = B33B21FE1BE375780089A679 /* BaseTableViewController.swift */; };
		B38299FB1BEE350E00826B25 /* ArticleInfoCell.swift in Sources */ = {isa = PBXBuildFile; fileRef = B38299F91BEE350E00826B25 /* ArticleInfoCell.swift */; };
		B38299FC1BEE350E00826B25 /* ArticleInfoCell.xib in Resources */ = {isa = PBXBuildFile; fileRef = B38299FA1BEE350E00826B25 /* ArticleInfoCell.xib */; };
		B3829A001BEE375600826B25 /* Section.swift in Sources */ = {isa = PBXBuildFile; fileRef = B38299FF1BEE375600826B25 /* Section.swift */; };
		B3829A021BEE454800826B25 /* Utils.swift in Sources */ = {isa = PBXBuildFile; fileRef = B3829A011BEE454800826B25 /* Utils.swift */; };
		B3C6C58C1BDE148C004B1000 /* AppDelegate.swift in Sources */ = {isa = PBXBuildFile; fileRef = B3C6C58B1BDE148C004B1000 /* AppDelegate.swift */; };
		B3C6C58E1BDE148C004B1000 /* LoginViewController.swift in Sources */ = {isa = PBXBuildFile; fileRef = B3C6C58D1BDE148C004B1000 /* LoginViewController.swift */; };
		B3C6C5911BDE148C004B1000 /* Main.storyboard in Resources */ = {isa = PBXBuildFile; fileRef = B3C6C58F1BDE148C004B1000 /* Main.storyboard */; };
		B3C6C5931BDE148C004B1000 /* Images.xcassets in Resources */ = {isa = PBXBuildFile; fileRef = B3C6C5921BDE148C004B1000 /* Images.xcassets */; };
		B3C6C5961BDE148C004B1000 /* LaunchScreen.xib in Resources */ = {isa = PBXBuildFile; fileRef = B3C6C5941BDE148C004B1000 /* LaunchScreen.xib */; };
		B3C6C5A21BDE148C004B1000 /* FromScratchTests.swift in Sources */ = {isa = PBXBuildFile; fileRef = B3C6C5A11BDE148C004B1000 /* FromScratchTests.swift */; };
		B3C6C5B61BDE2B9A004B1000 /* APIManager.swift in Sources */ = {isa = PBXBuildFile; fileRef = B3C6C5B51BDE2B9A004B1000 /* APIManager.swift */; };
		B3C6C5BA1BDF215E004B1000 /* Constants.swift in Sources */ = {isa = PBXBuildFile; fileRef = B3C6C5B91BDF215E004B1000 /* Constants.swift */; };
		B3D1F5D41BDF7D4F00E2E296 /* Common.swift in Sources */ = {isa = PBXBuildFile; fileRef = B3D1F5D31BDF7D4F00E2E296 /* Common.swift */; };
		B3D1F5D61BE07BFC00E2E296 /* AppSharedInfo.swift in Sources */ = {isa = PBXBuildFile; fileRef = B3D1F5D51BE07BFC00E2E296 /* AppSharedInfo.swift */; };
		F3737BD9C57FBC385C4E7EDF /* Pods_FromScratch.framework in Frameworks */ = {isa = PBXBuildFile; fileRef = E057D3E5DA288EE2701B16B6 /* Pods_FromScratch.framework */; };
/* End PBXBuildFile section */

/* Begin PBXContainerItemProxy section */
		B3C6C59C1BDE148C004B1000 /* PBXContainerItemProxy */ = {
			isa = PBXContainerItemProxy;
			containerPortal = B3C6C57E1BDE148C004B1000 /* Project object */;
			proxyType = 1;
			remoteGlobalIDString = B3C6C5851BDE148C004B1000;
			remoteInfo = FromScratch;
		};
/* End PBXContainerItemProxy section */

/* Begin PBXFileReference section */
		52D6896FB73703B69B65675C /* Pods-FromScratch.release.xcconfig */ = {isa = PBXFileReference; includeInIndex = 1; lastKnownFileType = text.xcconfig; name = "Pods-FromScratch.release.xcconfig"; path = "Pods/Target Support Files/Pods-FromScratch/Pods-FromScratch.release.xcconfig"; sourceTree = "<group>"; };
		74FF23AD0362C066F839CE8A /* Pods-FromScratch.debug.xcconfig */ = {isa = PBXFileReference; includeInIndex = 1; lastKnownFileType = text.xcconfig; name = "Pods-FromScratch.debug.xcconfig"; path = "Pods/Target Support Files/Pods-FromScratch/Pods-FromScratch.debug.xcconfig"; sourceTree = "<group>"; };
		B30484DF1C359FC300150580 /* Attachment.swift */ = {isa = PBXFileReference; fileEncoding = 4; lastKnownFileType = sourcecode.swift; path = Attachment.swift; sourceTree = "<group>"; };
		B305ED911C34DDE600AC2858 /* BYRUBBParser.swift */ = {isa = PBXFileReference; fileEncoding = 4; lastKnownFileType = sourcecode.swift; path = BYRUBBParser.swift; sourceTree = "<group>"; };
		B305ED931C34DE3900AC2858 /* BYRAttachment.swift */ = {isa = PBXFileReference; fileEncoding = 4; lastKnownFileType = sourcecode.swift; path = BYRAttachment.swift; sourceTree = "<group>"; };
		B3163D5E1C27E31400C0F831 /* SectionViewController.swift */ = {isa = PBXFileReference; fileEncoding = 4; lastKnownFileType = sourcecode.swift; path = SectionViewController.swift; sourceTree = "<group>"; };
		B3163D601C27EED000C0F831 /* Board.swift */ = {isa = PBXFileReference; fileEncoding = 4; lastKnownFileType = sourcecode.swift; path = Board.swift; sourceTree = "<group>"; };
		B3163D621C27F87A00C0F831 /* ColorTheme.swift */ = {isa = PBXFileReference; fileEncoding = 4; lastKnownFileType = sourcecode.swift; path = ColorTheme.swift; sourceTree = "<group>"; };
		B3163D641C27FF8300C0F831 /* Favorite.swift */ = {isa = PBXFileReference; fileEncoding = 4; lastKnownFileType = sourcecode.swift; path = Favorite.swift; sourceTree = "<group>"; };
		B3163D661C2810D400C0F831 /* FavoriteViewController.swift */ = {isa = PBXFileReference; fileEncoding = 4; lastKnownFileType = sourcecode.swift; path = FavoriteViewController.swift; sourceTree = "<group>"; };
		B3163D681C28F0B400C0F831 /* Article.swift */ = {isa = PBXFileReference; fileEncoding = 4; lastKnownFileType = sourcecode.swift; path = Article.swift; sourceTree = "<group>"; };
		B3163D6A1C2900A000C0F831 /* TopTenViewController.swift */ = {isa = PBXFileReference; fileEncoding = 4; lastKnownFileType = sourcecode.swift; path = TopTenViewController.swift; sourceTree = "<group>"; };
		B3163D6C1C29287300C0F831 /* BoardViewController.swift */ = {isa = PBXFileReference; fileEncoding = 4; lastKnownFileType = sourcecode.swift; path = BoardViewController.swift; sourceTree = "<group>"; };
		B3163D6E1C292F4A00C0F831 /* Pagination.swift */ = {isa = PBXFileReference; fileEncoding = 4; lastKnownFileType = sourcecode.swift; path = Pagination.swift; sourceTree = "<group>"; };
		B3163D701C29503600C0F831 /* LoadingCell.swift */ = {isa = PBXFileReference; fileEncoding = 4; lastKnownFileType = sourcecode.swift; path = LoadingCell.swift; sourceTree = "<group>"; };
		B3163D711C29503600C0F831 /* LoadingCell.xib */ = {isa = PBXFileReference; fileEncoding = 4; lastKnownFileType = file.xib; path = LoadingCell.xib; sourceTree = "<group>"; };
		B3163D761C2A78E900C0F831 /* ArticleCell.swift */ = {isa = PBXFileReference; fileEncoding = 4; lastKnownFileType = sourcecode.swift; path = ArticleCell.swift; sourceTree = "<group>"; };
		B3163D771C2A78E900C0F831 /* ArticleCell.xib */ = {isa = PBXFileReference; fileEncoding = 4; lastKnownFileType = file.xib; path = ArticleCell.xib; sourceTree = "<group>"; };
		B3163D7A1C2A79C400C0F831 /* ArticleHeader.swift */ = {isa = PBXFileReference; fileEncoding = 4; lastKnownFileType = sourcecode.swift; path = ArticleHeader.swift; sourceTree = "<group>"; };
		B3163D7C1C2A7A9800C0F831 /* ArticleHeader.xib */ = {isa = PBXFileReference; fileEncoding = 4; lastKnownFileType = file.xib; path = ArticleHeader.xib; sourceTree = "<group>"; };
		B3163D7E1C2A7CE500C0F831 /* UIViewExtension.swift */ = {isa = PBXFileReference; fileEncoding = 4; lastKnownFileType = sourcecode.swift; path = UIViewExtension.swift; sourceTree = "<group>"; };
		B3163D801C2A7F9E00C0F831 /* ThreadViewController.swift */ = {isa = PBXFileReference; fileEncoding = 4; lastKnownFileType = sourcecode.swift; path = ThreadViewController.swift; sourceTree = "<group>"; };
		B3300BF11BE748EB00178909 /* User.swift */ = {isa = PBXFileReference; fileEncoding = 4; lastKnownFileType = sourcecode.swift; path = User.swift; sourceTree = "<group>"; };
		B33B21FE1BE375780089A679 /* BaseTableViewController.swift */ = {isa = PBXFileReference; fileEncoding = 4; lastKnownFileType = sourcecode.swift; name = BaseTableViewController.swift; path = ../BaseTableViewController.swift; sourceTree = "<group>"; };
		B38299F91BEE350E00826B25 /* ArticleInfoCell.swift */ = {isa = PBXFileReference; fileEncoding = 4; lastKnownFileType = sourcecode.swift; path = ArticleInfoCell.swift; sourceTree = "<group>"; };
		B38299FA1BEE350E00826B25 /* ArticleInfoCell.xib */ = {isa = PBXFileReference; fileEncoding = 4; lastKnownFileType = file.xib; path = ArticleInfoCell.xib; sourceTree = "<group>"; };
		B38299FF1BEE375600826B25 /* Section.swift */ = {isa = PBXFileReference; fileEncoding = 4; lastKnownFileType = sourcecode.swift; path = Section.swift; sourceTree = "<group>"; };
		B3829A011BEE454800826B25 /* Utils.swift */ = {isa = PBXFileReference; fileEncoding = 4; lastKnownFileType = sourcecode.swift; path = Utils.swift; sourceTree = "<group>"; };
		B3C600851BE73EF400F420F1 /* Header.h */ = {isa = PBXFileReference; lastKnownFileType = sourcecode.c.h; path = Header.h; sourceTree = "<group>"; };
		B3C6C5861BDE148C004B1000 /* FromScratch.app */ = {isa = PBXFileReference; explicitFileType = wrapper.application; includeInIndex = 0; path = FromScratch.app; sourceTree = BUILT_PRODUCTS_DIR; };
		B3C6C58A1BDE148C004B1000 /* Info.plist */ = {isa = PBXFileReference; lastKnownFileType = text.plist.xml; path = Info.plist; sourceTree = "<group>"; };
		B3C6C58B1BDE148C004B1000 /* AppDelegate.swift */ = {isa = PBXFileReference; lastKnownFileType = sourcecode.swift; path = AppDelegate.swift; sourceTree = "<group>"; };
		B3C6C58D1BDE148C004B1000 /* LoginViewController.swift */ = {isa = PBXFileReference; lastKnownFileType = sourcecode.swift; name = LoginViewController.swift; path = ../LoginViewController.swift; sourceTree = "<group>"; };
		B3C6C5901BDE148C004B1000 /* Base */ = {isa = PBXFileReference; lastKnownFileType = file.storyboard; name = Base; path = Base.lproj/Main.storyboard; sourceTree = "<group>"; };
		B3C6C5921BDE148C004B1000 /* Images.xcassets */ = {isa = PBXFileReference; lastKnownFileType = folder.assetcatalog; path = Images.xcassets; sourceTree = "<group>"; };
		B3C6C5951BDE148C004B1000 /* Base */ = {isa = PBXFileReference; lastKnownFileType = file.xib; name = Base; path = Base.lproj/LaunchScreen.xib; sourceTree = "<group>"; };
		B3C6C59B1BDE148C004B1000 /* FromScratchTests.xctest */ = {isa = PBXFileReference; explicitFileType = wrapper.cfbundle; includeInIndex = 0; path = FromScratchTests.xctest; sourceTree = BUILT_PRODUCTS_DIR; };
		B3C6C5A01BDE148C004B1000 /* Info.plist */ = {isa = PBXFileReference; lastKnownFileType = text.plist.xml; path = Info.plist; sourceTree = "<group>"; };
		B3C6C5A11BDE148C004B1000 /* FromScratchTests.swift */ = {isa = PBXFileReference; lastKnownFileType = sourcecode.swift; path = FromScratchTests.swift; sourceTree = "<group>"; };
		B3C6C5B51BDE2B9A004B1000 /* APIManager.swift */ = {isa = PBXFileReference; fileEncoding = 4; lastKnownFileType = sourcecode.swift; path = APIManager.swift; sourceTree = "<group>"; };
		B3C6C5B91BDF215E004B1000 /* Constants.swift */ = {isa = PBXFileReference; fileEncoding = 4; lastKnownFileType = sourcecode.swift; path = Constants.swift; sourceTree = "<group>"; };
		B3D1F5D31BDF7D4F00E2E296 /* Common.swift */ = {isa = PBXFileReference; fileEncoding = 4; lastKnownFileType = sourcecode.swift; path = Common.swift; sourceTree = "<group>"; };
		B3D1F5D51BE07BFC00E2E296 /* AppSharedInfo.swift */ = {isa = PBXFileReference; fileEncoding = 4; lastKnownFileType = sourcecode.swift; path = AppSharedInfo.swift; sourceTree = "<group>"; };
		E057D3E5DA288EE2701B16B6 /* Pods_FromScratch.framework */ = {isa = PBXFileReference; explicitFileType = wrapper.framework; includeInIndex = 0; path = Pods_FromScratch.framework; sourceTree = BUILT_PRODUCTS_DIR; };
/* End PBXFileReference section */

/* Begin PBXFrameworksBuildPhase section */
		B3C6C5831BDE148C004B1000 /* Frameworks */ = {
			isa = PBXFrameworksBuildPhase;
			buildActionMask = 2147483647;
			files = (
				F3737BD9C57FBC385C4E7EDF /* Pods_FromScratch.framework in Frameworks */,
			);
			runOnlyForDeploymentPostprocessing = 0;
		};
		B3C6C5981BDE148C004B1000 /* Frameworks */ = {
			isa = PBXFrameworksBuildPhase;
			buildActionMask = 2147483647;
			files = (
			);
			runOnlyForDeploymentPostprocessing = 0;
		};
/* End PBXFrameworksBuildPhase section */

/* Begin PBXGroup section */
		4A064D1CBA84729B48A0EC32 /* Frameworks */ = {
			isa = PBXGroup;
			children = (
				E057D3E5DA288EE2701B16B6 /* Pods_FromScratch.framework */,
			);
			name = Frameworks;
			sourceTree = "<group>";
		};
		AA01874B7D8174900DFE1DD9 /* Pods */ = {
			isa = PBXGroup;
			children = (
				74FF23AD0362C066F839CE8A /* Pods-FromScratch.debug.xcconfig */,
				52D6896FB73703B69B65675C /* Pods-FromScratch.release.xcconfig */,
			);
			name = Pods;
			sourceTree = "<group>";
		};
		B3163D5A1C27B19400C0F831 /* Utils */ = {
			isa = PBXGroup;
			children = (
				B3D1F5D51BE07BFC00E2E296 /* AppSharedInfo.swift */,
				B3C6C5B91BDF215E004B1000 /* Constants.swift */,
				B3D1F5D31BDF7D4F00E2E296 /* Common.swift */,
				B3829A011BEE454800826B25 /* Utils.swift */,
				B3163D621C27F87A00C0F831 /* ColorTheme.swift */,
				B305ED911C34DDE600AC2858 /* BYRUBBParser.swift */,
				B305ED931C34DE3900AC2858 /* BYRAttachment.swift */,
			);
			name = Utils;
			sourceTree = "<group>";
		};
		B38299F71BEE34A800826B25 /* View */ = {
			isa = PBXGroup;
			children = (
				B38299F91BEE350E00826B25 /* ArticleInfoCell.swift */,
				B38299FA1BEE350E00826B25 /* ArticleInfoCell.xib */,
				B3163D701C29503600C0F831 /* LoadingCell.swift */,
				B3163D711C29503600C0F831 /* LoadingCell.xib */,
				B3163D761C2A78E900C0F831 /* ArticleCell.swift */,
				B3163D771C2A78E900C0F831 /* ArticleCell.xib */,
				B3163D7A1C2A79C400C0F831 /* ArticleHeader.swift */,
				B3163D7C1C2A7A9800C0F831 /* ArticleHeader.xib */,
				B3163D7E1C2A7CE500C0F831 /* UIViewExtension.swift */,
			);
			path = View;
			sourceTree = "<group>";
		};
		B38299F81BEE34B100826B25 /* Controller */ = {
			isa = PBXGroup;
			children = (
				B33B21FE1BE375780089A679 /* BaseTableViewController.swift */,
				B3C6C58D1BDE148C004B1000 /* LoginViewController.swift */,
				B3163D5E1C27E31400C0F831 /* SectionViewController.swift */,
				B3163D661C2810D400C0F831 /* FavoriteViewController.swift */,
				B3163D6A1C2900A000C0F831 /* TopTenViewController.swift */,
				B3163D6C1C29287300C0F831 /* BoardViewController.swift */,
				B3163D801C2A7F9E00C0F831 /* ThreadViewController.swift */,
			);
			path = Controller;
			sourceTree = "<group>";
		};
		B3C6C57D1BDE148C004B1000 = {
			isa = PBXGroup;
			children = (
				B3C6C5881BDE148C004B1000 /* FromScratch */,
				B3C6C59E1BDE148C004B1000 /* FromScratchTests */,
				B3C6C5871BDE148C004B1000 /* Products */,
				AA01874B7D8174900DFE1DD9 /* Pods */,
				4A064D1CBA84729B48A0EC32 /* Frameworks */,
			);
			sourceTree = "<group>";
		};
		B3C6C5871BDE148C004B1000 /* Products */ = {
			isa = PBXGroup;
			children = (
				B3C6C5861BDE148C004B1000 /* FromScratch.app */,
				B3C6C59B1BDE148C004B1000 /* FromScratchTests.xctest */,
			);
			name = Products;
			sourceTree = "<group>";
		};
		B3C6C5881BDE148C004B1000 /* FromScratch */ = {
			isa = PBXGroup;
			children = (
				B3163D5A1C27B19400C0F831 /* Utils */,
				B3C6C5B41BDE2B84004B1000 /* Model */,
				B38299F71BEE34A800826B25 /* View */,
				B38299F81BEE34B100826B25 /* Controller */,
				B3C6C58B1BDE148C004B1000 /* AppDelegate.swift */,
				B3C6C58F1BDE148C004B1000 /* Main.storyboard */,
				B3C6C5921BDE148C004B1000 /* Images.xcassets */,
				B3C6C5941BDE148C004B1000 /* LaunchScreen.xib */,
				B3C6C5891BDE148C004B1000 /* Supporting Files */,
			);
			path = FromScratch;
			sourceTree = "<group>";
		};
		B3C6C5891BDE148C004B1000 /* Supporting Files */ = {
			isa = PBXGroup;
			children = (
				B3C6C58A1BDE148C004B1000 /* Info.plist */,
				B3C600851BE73EF400F420F1 /* Header.h */,
			);
			name = "Supporting Files";
			sourceTree = "<group>";
		};
		B3C6C59E1BDE148C004B1000 /* FromScratchTests */ = {
			isa = PBXGroup;
			children = (
				B3C6C5A11BDE148C004B1000 /* FromScratchTests.swift */,
				B3C6C59F1BDE148C004B1000 /* Supporting Files */,
			);
			path = FromScratchTests;
			sourceTree = "<group>";
		};
		B3C6C59F1BDE148C004B1000 /* Supporting Files */ = {
			isa = PBXGroup;
			children = (
				B3C6C5A01BDE148C004B1000 /* Info.plist */,
			);
			name = "Supporting Files";
			sourceTree = "<group>";
		};
		B3C6C5B41BDE2B84004B1000 /* Model */ = {
			isa = PBXGroup;
			children = (
				B3C6C5B51BDE2B9A004B1000 /* APIManager.swift */,
				B3300BF11BE748EB00178909 /* User.swift */,
				B38299FF1BEE375600826B25 /* Section.swift */,
				B3163D601C27EED000C0F831 /* Board.swift */,
				B3163D641C27FF8300C0F831 /* Favorite.swift */,
				B3163D681C28F0B400C0F831 /* Article.swift */,
				B3163D6E1C292F4A00C0F831 /* Pagination.swift */,
				B30484DF1C359FC300150580 /* Attachment.swift */,
			);
			path = Model;
			sourceTree = "<group>";
		};
/* End PBXGroup section */

/* Begin PBXNativeTarget section */
		B3C6C5851BDE148C004B1000 /* FromScratch */ = {
			isa = PBXNativeTarget;
			buildConfigurationList = B3C6C5A51BDE148C004B1000 /* Build configuration list for PBXNativeTarget "FromScratch" */;
			buildPhases = (
				78EA4C9B2E6DA27B0B0902E6 /* Check Pods Manifest.lock */,
				B3C6C5821BDE148C004B1000 /* Sources */,
				B3C6C5831BDE148C004B1000 /* Frameworks */,
				B3C6C5841BDE148C004B1000 /* Resources */,
				7994D726D1F74D68A1BAB3D8 /* Embed Pods Frameworks */,
				E8CF4537FBD4FB15D489B8AA /* Copy Pods Resources */,
			);
			buildRules = (
			);
			dependencies = (
			);
			name = FromScratch;
			productName = FromScratch;
			productReference = B3C6C5861BDE148C004B1000 /* FromScratch.app */;
			productType = "com.apple.product-type.application";
		};
		B3C6C59A1BDE148C004B1000 /* FromScratchTests */ = {
			isa = PBXNativeTarget;
			buildConfigurationList = B3C6C5A81BDE148C004B1000 /* Build configuration list for PBXNativeTarget "FromScratchTests" */;
			buildPhases = (
				B3C6C5971BDE148C004B1000 /* Sources */,
				B3C6C5981BDE148C004B1000 /* Frameworks */,
				B3C6C5991BDE148C004B1000 /* Resources */,
			);
			buildRules = (
			);
			dependencies = (
				B3C6C59D1BDE148C004B1000 /* PBXTargetDependency */,
			);
			name = FromScratchTests;
			productName = FromScratchTests;
			productReference = B3C6C59B1BDE148C004B1000 /* FromScratchTests.xctest */;
			productType = "com.apple.product-type.bundle.unit-test";
		};
/* End PBXNativeTarget section */

/* Begin PBXProject section */
		B3C6C57E1BDE148C004B1000 /* Project object */ = {
			isa = PBXProject;
			attributes = {
				LastSwiftMigration = 0700;
				LastSwiftUpdateCheck = 0700;
				LastUpgradeCheck = 0640;
				ORGANIZATIONNAME = "Yu Pengyang";
				TargetAttributes = {
					B3C6C5851BDE148C004B1000 = {
						CreatedOnToolsVersion = 6.4;
					};
					B3C6C59A1BDE148C004B1000 = {
						CreatedOnToolsVersion = 6.4;
						TestTargetID = B3C6C5851BDE148C004B1000;
					};
				};
			};
			buildConfigurationList = B3C6C5811BDE148C004B1000 /* Build configuration list for PBXProject "FromScratch" */;
			compatibilityVersion = "Xcode 3.2";
			developmentRegion = English;
			hasScannedForEncodings = 0;
			knownRegions = (
				en,
				Base,
			);
			mainGroup = B3C6C57D1BDE148C004B1000;
			productRefGroup = B3C6C5871BDE148C004B1000 /* Products */;
			projectDirPath = "";
			projectRoot = "";
			targets = (
				B3C6C5851BDE148C004B1000 /* FromScratch */,
				B3C6C59A1BDE148C004B1000 /* FromScratchTests */,
			);
		};
/* End PBXProject section */

/* Begin PBXResourcesBuildPhase section */
		B3C6C5841BDE148C004B1000 /* Resources */ = {
			isa = PBXResourcesBuildPhase;
			buildActionMask = 2147483647;
			files = (
				B38299FC1BEE350E00826B25 /* ArticleInfoCell.xib in Resources */,
				B3163D7D1C2A7A9800C0F831 /* ArticleHeader.xib in Resources */,
				B3C6C5911BDE148C004B1000 /* Main.storyboard in Resources */,
				B3C6C5961BDE148C004B1000 /* LaunchScreen.xib in Resources */,
				B3163D731C29503600C0F831 /* LoadingCell.xib in Resources */,
				B3163D791C2A78E900C0F831 /* ArticleCell.xib in Resources */,
				B3C6C5931BDE148C004B1000 /* Images.xcassets in Resources */,
			);
			runOnlyForDeploymentPostprocessing = 0;
		};
		B3C6C5991BDE148C004B1000 /* Resources */ = {
			isa = PBXResourcesBuildPhase;
			buildActionMask = 2147483647;
			files = (
			);
			runOnlyForDeploymentPostprocessing = 0;
		};
/* End PBXResourcesBuildPhase section */

/* Begin PBXShellScriptBuildPhase section */
		78EA4C9B2E6DA27B0B0902E6 /* Check Pods Manifest.lock */ = {
			isa = PBXShellScriptBuildPhase;
			buildActionMask = 2147483647;
			files = (
			);
			inputPaths = (
			);
			name = "Check Pods Manifest.lock";
			outputPaths = (
			);
			runOnlyForDeploymentPostprocessing = 0;
			shellPath = /bin/sh;
			shellScript = "diff \"${PODS_ROOT}/../Podfile.lock\" \"${PODS_ROOT}/Manifest.lock\" > /dev/null\nif [[ $? != 0 ]] ; then\n    cat << EOM\nerror: The sandbox is not in sync with the Podfile.lock. Run 'pod install' or update your CocoaPods installation.\nEOM\n    exit 1\nfi\n";
			showEnvVarsInLog = 0;
		};
		7994D726D1F74D68A1BAB3D8 /* Embed Pods Frameworks */ = {
			isa = PBXShellScriptBuildPhase;
			buildActionMask = 2147483647;
			files = (
			);
			inputPaths = (
			);
			name = "Embed Pods Frameworks";
			outputPaths = (
			);
			runOnlyForDeploymentPostprocessing = 0;
			shellPath = /bin/sh;
			shellScript = "\"${SRCROOT}/Pods/Target Support Files/Pods-FromScratch/Pods-FromScratch-frameworks.sh\"\n";
			showEnvVarsInLog = 0;
		};
		E8CF4537FBD4FB15D489B8AA /* Copy Pods Resources */ = {
			isa = PBXShellScriptBuildPhase;
			buildActionMask = 2147483647;
			files = (
			);
			inputPaths = (
			);
			name = "Copy Pods Resources";
			outputPaths = (
			);
			runOnlyForDeploymentPostprocessing = 0;
			shellPath = /bin/sh;
			shellScript = "\"${SRCROOT}/Pods/Target Support Files/Pods-FromScratch/Pods-FromScratch-resources.sh\"\n";
			showEnvVarsInLog = 0;
		};
/* End PBXShellScriptBuildPhase section */

/* Begin PBXSourcesBuildPhase section */
		B3C6C5821BDE148C004B1000 /* Sources */ = {
			isa = PBXSourcesBuildPhase;
			buildActionMask = 2147483647;
			files = (
				B305ED941C34DE3900AC2858 /* BYRAttachment.swift in Sources */,
				B38299FB1BEE350E00826B25 /* ArticleInfoCell.swift in Sources */,
				B3C6C5B61BDE2B9A004B1000 /* APIManager.swift in Sources */,
				B305ED921C34DDE600AC2858 /* BYRUBBParser.swift in Sources */,
				B3C6C58E1BDE148C004B1000 /* LoginViewController.swift in Sources */,
				B3C6C58C1BDE148C004B1000 /* AppDelegate.swift in Sources */,
				B3163D6B1C2900A000C0F831 /* TopTenViewController.swift in Sources */,
				B3163D611C27EED000C0F831 /* Board.swift in Sources */,
				B30484E01C359FC300150580 /* Attachment.swift in Sources */,
				B3829A001BEE375600826B25 /* Section.swift in Sources */,
				B3163D781C2A78E900C0F831 /* ArticleCell.swift in Sources */,
				B3163D631C27F87A00C0F831 /* ColorTheme.swift in Sources */,
				B33B21FF1BE375780089A679 /* BaseTableViewController.swift in Sources */,
				B3163D651C27FF8300C0F831 /* Favorite.swift in Sources */,
				B3163D811C2A7F9E00C0F831 /* ThreadViewController.swift in Sources */,
				B3163D6D1C29287300C0F831 /* BoardViewController.swift in Sources */,
				B3300BF21BE748EB00178909 /* User.swift in Sources */,
				B3D1F5D41BDF7D4F00E2E296 /* Common.swift in Sources */,
				B3163D671C2810D400C0F831 /* FavoriteViewController.swift in Sources */,
				B3D1F5D61BE07BFC00E2E296 /* AppSharedInfo.swift in Sources */,
				B3C6C5BA1BDF215E004B1000 /* Constants.swift in Sources */,
				B3163D691C28F0B400C0F831 /* Article.swift in Sources */,
				B3163D7B1C2A79C400C0F831 /* ArticleHeader.swift in Sources */,
				B3163D7F1C2A7CE500C0F831 /* UIViewExtension.swift in Sources */,
				B3163D6F1C292F4A00C0F831 /* Pagination.swift in Sources */,
				B3163D721C29503600C0F831 /* LoadingCell.swift in Sources */,
				B3163D5F1C27E31400C0F831 /* SectionViewController.swift in Sources */,
				B3829A021BEE454800826B25 /* Utils.swift in Sources */,
			);
			runOnlyForDeploymentPostprocessing = 0;
		};
		B3C6C5971BDE148C004B1000 /* Sources */ = {
			isa = PBXSourcesBuildPhase;
			buildActionMask = 2147483647;
			files = (
				B3C6C5A21BDE148C004B1000 /* FromScratchTests.swift in Sources */,
			);
			runOnlyForDeploymentPostprocessing = 0;
		};
/* End PBXSourcesBuildPhase section */

/* Begin PBXTargetDependency section */
		B3C6C59D1BDE148C004B1000 /* PBXTargetDependency */ = {
			isa = PBXTargetDependency;
			target = B3C6C5851BDE148C004B1000 /* FromScratch */;
			targetProxy = B3C6C59C1BDE148C004B1000 /* PBXContainerItemProxy */;
		};
/* End PBXTargetDependency section */

/* Begin PBXVariantGroup section */
		B3C6C58F1BDE148C004B1000 /* Main.storyboard */ = {
			isa = PBXVariantGroup;
			children = (
				B3C6C5901BDE148C004B1000 /* Base */,
			);
			name = Main.storyboard;
			sourceTree = "<group>";
		};
		B3C6C5941BDE148C004B1000 /* LaunchScreen.xib */ = {
			isa = PBXVariantGroup;
			children = (
				B3C6C5951BDE148C004B1000 /* Base */,
			);
			name = LaunchScreen.xib;
			sourceTree = "<group>";
		};
/* End PBXVariantGroup section */

/* Begin XCBuildConfiguration section */
		B3C6C5A31BDE148C004B1000 /* Debug */ = {
			isa = XCBuildConfiguration;
			buildSettings = {
				ALWAYS_SEARCH_USER_PATHS = NO;
				CLANG_CXX_LANGUAGE_STANDARD = "gnu++0x";
				CLANG_CXX_LIBRARY = "libc++";
				CLANG_ENABLE_MODULES = YES;
				CLANG_ENABLE_OBJC_ARC = YES;
				CLANG_WARN_BOOL_CONVERSION = YES;
				CLANG_WARN_CONSTANT_CONVERSION = YES;
				CLANG_WARN_DIRECT_OBJC_ISA_USAGE = YES_ERROR;
				CLANG_WARN_EMPTY_BODY = YES;
				CLANG_WARN_ENUM_CONVERSION = YES;
				CLANG_WARN_INT_CONVERSION = YES;
				CLANG_WARN_OBJC_ROOT_CLASS = YES_ERROR;
				CLANG_WARN_UNREACHABLE_CODE = YES;
				CLANG_WARN__DUPLICATE_METHOD_MATCH = YES;
				"CODE_SIGN_IDENTITY[sdk=iphoneos*]" = "iPhone Developer";
				COPY_PHASE_STRIP = NO;
				DEBUG_INFORMATION_FORMAT = "dwarf-with-dsym";
				ENABLE_STRICT_OBJC_MSGSEND = YES;
				GCC_C_LANGUAGE_STANDARD = gnu99;
				GCC_DYNAMIC_NO_PIC = NO;
				GCC_NO_COMMON_BLOCKS = YES;
				GCC_OPTIMIZATION_LEVEL = 0;
				GCC_PREPROCESSOR_DEFINITIONS = (
					"DEBUG=1",
					"$(inherited)",
				);
				GCC_SYMBOLS_PRIVATE_EXTERN = NO;
				GCC_WARN_64_TO_32_BIT_CONVERSION = YES;
				GCC_WARN_ABOUT_RETURN_TYPE = YES_ERROR;
				GCC_WARN_UNDECLARED_SELECTOR = YES;
				GCC_WARN_UNINITIALIZED_AUTOS = YES_AGGRESSIVE;
				GCC_WARN_UNUSED_FUNCTION = YES;
				GCC_WARN_UNUSED_VARIABLE = YES;
				IPHONEOS_DEPLOYMENT_TARGET = 9.0;
				MTL_ENABLE_DEBUG_INFO = YES;
				ONLY_ACTIVE_ARCH = YES;
				SDKROOT = iphoneos;
				SWIFT_OPTIMIZATION_LEVEL = "-Onone";
				TARGETED_DEVICE_FAMILY = "1,2";
			};
			name = Debug;
		};
		B3C6C5A41BDE148C004B1000 /* Release */ = {
			isa = XCBuildConfiguration;
			buildSettings = {
				ALWAYS_SEARCH_USER_PATHS = NO;
				CLANG_CXX_LANGUAGE_STANDARD = "gnu++0x";
				CLANG_CXX_LIBRARY = "libc++";
				CLANG_ENABLE_MODULES = YES;
				CLANG_ENABLE_OBJC_ARC = YES;
				CLANG_WARN_BOOL_CONVERSION = YES;
				CLANG_WARN_CONSTANT_CONVERSION = YES;
				CLANG_WARN_DIRECT_OBJC_ISA_USAGE = YES_ERROR;
				CLANG_WARN_EMPTY_BODY = YES;
				CLANG_WARN_ENUM_CONVERSION = YES;
				CLANG_WARN_INT_CONVERSION = YES;
				CLANG_WARN_OBJC_ROOT_CLASS = YES_ERROR;
				CLANG_WARN_UNREACHABLE_CODE = YES;
				CLANG_WARN__DUPLICATE_METHOD_MATCH = YES;
				"CODE_SIGN_IDENTITY[sdk=iphoneos*]" = "iPhone Developer";
				COPY_PHASE_STRIP = NO;
				DEBUG_INFORMATION_FORMAT = "dwarf-with-dsym";
				ENABLE_NS_ASSERTIONS = NO;
				ENABLE_STRICT_OBJC_MSGSEND = YES;
				GCC_C_LANGUAGE_STANDARD = gnu99;
				GCC_NO_COMMON_BLOCKS = YES;
				GCC_WARN_64_TO_32_BIT_CONVERSION = YES;
				GCC_WARN_ABOUT_RETURN_TYPE = YES_ERROR;
				GCC_WARN_UNDECLARED_SELECTOR = YES;
				GCC_WARN_UNINITIALIZED_AUTOS = YES_AGGRESSIVE;
				GCC_WARN_UNUSED_FUNCTION = YES;
				GCC_WARN_UNUSED_VARIABLE = YES;
				IPHONEOS_DEPLOYMENT_TARGET = 9.0;
				MTL_ENABLE_DEBUG_INFO = NO;
				SDKROOT = iphoneos;
				TARGETED_DEVICE_FAMILY = "1,2";
				VALIDATE_PRODUCT = YES;
			};
			name = Release;
		};
		B3C6C5A61BDE148C004B1000 /* Debug */ = {
			isa = XCBuildConfiguration;
			baseConfigurationReference = 74FF23AD0362C066F839CE8A /* Pods-FromScratch.debug.xcconfig */;
			buildSettings = {
				ARCHS = "$(ARCHS_STANDARD)";
				ASSETCATALOG_COMPILER_APPICON_NAME = AppIcon;
				INFOPLIST_FILE = FromScratch/Info.plist;
				IPHONEOS_DEPLOYMENT_TARGET = 9.0;
				LD_RUNPATH_SEARCH_PATHS = "$(inherited) @executable_path/Frameworks";
				LIBRARY_SEARCH_PATHS = (
					"$(inherited)",
					"$(PROJECT_DIR)/libSMTH",
				);
				ONLY_ACTIVE_ARCH = YES;
				PRODUCT_NAME = "$(TARGET_NAME)";
				SWIFT_OBJC_BRIDGING_HEADER = FromScratch/Header.h;
				VALID_ARCHS = "armv7 armv7s arm64";
			};
			name = Debug;
		};
		B3C6C5A71BDE148C004B1000 /* Release */ = {
			isa = XCBuildConfiguration;
			baseConfigurationReference = 52D6896FB73703B69B65675C /* Pods-FromScratch.release.xcconfig */;
			buildSettings = {
				ARCHS = "$(ARCHS_STANDARD)";
				ASSETCATALOG_COMPILER_APPICON_NAME = AppIcon;
				INFOPLIST_FILE = FromScratch/Info.plist;
				IPHONEOS_DEPLOYMENT_TARGET = 9.0;
				LD_RUNPATH_SEARCH_PATHS = "$(inherited) @executable_path/Frameworks";
				LIBRARY_SEARCH_PATHS = (
					"$(inherited)",
					"$(PROJECT_DIR)/libSMTH",
				);
				ONLY_ACTIVE_ARCH = YES;
				PRODUCT_NAME = "$(TARGET_NAME)";
				SWIFT_OBJC_BRIDGING_HEADER = FromScratch/Header.h;
				VALID_ARCHS = "armv7 armv7s arm64";
			};
			name = Release;
		};
		B3C6C5A91BDE148C004B1000 /* Debug */ = {
			isa = XCBuildConfiguration;
			buildSettings = {
				BUNDLE_LOADER = "$(TEST_HOST)";
				FRAMEWORK_SEARCH_PATHS = (
					"$(SDKROOT)/Developer/Library/Frameworks",
					"$(inherited)",
				);
				GCC_PREPROCESSOR_DEFINITIONS = (
					"DEBUG=1",
					"$(inherited)",
				);
				INFOPLIST_FILE = FromScratchTests/Info.plist;
				LD_RUNPATH_SEARCH_PATHS = "$(inherited) @executable_path/Frameworks @loader_path/Frameworks";
				PRODUCT_NAME = "$(TARGET_NAME)";
				TEST_HOST = "$(BUILT_PRODUCTS_DIR)/FromScratch.app/FromScratch";
			};
			name = Debug;
		};
		B3C6C5AA1BDE148C004B1000 /* Release */ = {
			isa = XCBuildConfiguration;
			buildSettings = {
				BUNDLE_LOADER = "$(TEST_HOST)";
				FRAMEWORK_SEARCH_PATHS = (
					"$(SDKROOT)/Developer/Library/Frameworks",
					"$(inherited)",
				);
				INFOPLIST_FILE = FromScratchTests/Info.plist;
				LD_RUNPATH_SEARCH_PATHS = "$(inherited) @executable_path/Frameworks @loader_path/Frameworks";
				PRODUCT_NAME = "$(TARGET_NAME)";
				TEST_HOST = "$(BUILT_PRODUCTS_DIR)/FromScratch.app/FromScratch";
			};
			name = Release;
		};
/* End XCBuildConfiguration section */

/* Begin XCConfigurationList section */
		B3C6C5811BDE148C004B1000 /* Build configuration list for PBXProject "FromScratch" */ = {
			isa = XCConfigurationList;
			buildConfigurations = (
				B3C6C5A31BDE148C004B1000 /* Debug */,
				B3C6C5A41BDE148C004B1000 /* Release */,
			);
			defaultConfigurationIsVisible = 0;
			defaultConfigurationName = Release;
		};
		B3C6C5A51BDE148C004B1000 /* Build configuration list for PBXNativeTarget "FromScratch" */ = {
			isa = XCConfigurationList;
			buildConfigurations = (
				B3C6C5A61BDE148C004B1000 /* Debug */,
				B3C6C5A71BDE148C004B1000 /* Release */,
			);
			defaultConfigurationIsVisible = 0;
			defaultConfigurationName = Release;
		};
		B3C6C5A81BDE148C004B1000 /* Build configuration list for PBXNativeTarget "FromScratchTests" */ = {
			isa = XCConfigurationList;
			buildConfigurations = (
				B3C6C5A91BDE148C004B1000 /* Debug */,
				B3C6C5AA1BDE148C004B1000 /* Release */,
			);
			defaultConfigurationIsVisible = 0;
			defaultConfigurationName = Release;
		};
/* End XCConfigurationList section */
	};
	rootObject = B3C6C57E1BDE148C004B1000 /* Project object */;
}
